# THIS IS AN AUTOGENERATED FILE. DO NOT EDIT THIS FILE DIRECTLY.
# yarn lockfile v1


bootstrap@5.2.0-beta1:
  version "5.2.0-beta1"
  resolved "https://registry.yarnpkg.com/bootstrap/-/bootstrap-5.2.0-beta1.tgz#75647ff7327c2cac9b8e1cb6728a790a5be4cefc"
  integrity sha512-6qbgs177WZEFY4SLQUq3tEHayYG80nfDmyTpdKi0MJqRMdS+HAoq24+YKfx6wf+nHY0rx8zrh477J1lFu4WzOA==

ometa@0.2.2:
  version "0.2.2"
  resolved "https://registry.yarnpkg.com/ometa/-/ometa-0.2.2.tgz#f53c4735ba6d56af5a46b04dfb7c4334c596d44e"
  integrity sha512-LZuoK/yjU3FvrxPjUXUlZ1bavCfBPqauA7fsNdwi+AVhRdyk2IzgP3JRnevvjzQ6fKHdUw8YISshf53FmpHrng==

scss@^0.2.4:
  version "0.2.4"
  resolved "https://registry.yarnpkg.com/scss/-/scss-0.2.4.tgz#040d903ed37c5d4fa4ad33ae1fd389ac12a4e065"
  integrity sha512-4u8V87F+Q/upVhUmhPnB4C1R11xojkRkWjExL2v0CX2EXTg18VrKd+9JWoeyCp2VEMdSpJsyAvVU+rVjogh51A==
  dependencies:
    ometa "0.2.2"

"uu-bootstrap@git+ssh://git@github.com/DH-IT-Portal-Development/bootstrap-theme.git":
  version "1.0.0-alpha.1"
  resolved "git+ssh://git@github.com/DH-IT-Portal-Development/bootstrap-theme.git#0f076f68cfe08a12320df2bad93fa6a668b05066"
  dependencies:
    bootstrap "5.2.0-beta1"
